
Microsoft Visual Studio Solution File, Format Version 12.00
# Blend for Visual Studio 14
VisualStudioVersion = 14.0.25420.1
MinimumVisualStudioVersion = 10.0.40219.1
Project("{FAE04EC0-301F-11D3-BF4B-00C04F79EFBC}") = "BBoxBoard", "BBoxBoard\BBoxBoard.csproj", "{FCB07A3D-9825-400D-8E04-D2497E691350}"
	ProjectSection(ProjectDependencies) = postProject
		{B7CAE5F4-A23F-4438-B5BE-41226618B695} = {B7CAE5F4-A23F-4438-B5BE-41226618B695}
	EndProjectSection
EndProject
Project("{FAE04EC0-301F-11D3-BF4B-00C04F79EFBC}") = "Numerics", "BBoxBoard\Numerics\Numerics.csproj", "{B7CAE5F4-A23F-4438-B5BE-41226618B695}"
EndProject
Global
	GlobalSection(SolutionConfigurationPlatforms) = preSolution
		Debug|Any CPU = Debug|Any CPU
		Release|Any CPU = Release|Any CPU
		Release-Signed|Any CPU = Release-Signed|Any CPU
	EndGlobalSection
	GlobalSection(ProjectConfigurationPlatforms) = postSolution
		{FCB07A3D-9825-400D-8E04-D2497E691350}.Debug|Any CPU.ActiveCfg = Debug|Any CPU
		{FCB07A3D-9825-400D-8E04-D2497E691350}.Debug|Any CPU.Build.0 = Debug|Any CPU
		{FCB07A3D-9825-400D-8E04-D2497E691350}.Release|Any CPU.ActiveCfg = Release|Any CPU
		{FCB07A3D-9825-400D-8E04-D2497E691350}.Release|Any CPU.Build.0 = Release|Any CPU
		{FCB07A3D-9825-400D-8E04-D2497E691350}.Release-Signed|Any CPU.ActiveCfg = Release|Any CPU
		{FCB07A3D-9825-400D-8E04-D2497E691350}.Release-Signed|Any CPU.Build.0 = Release|Any CPU
		{B7CAE5F4-A23F-4438-B5BE-41226618B695}.Debug|Any CPU.ActiveCfg = Debug|Any CPU
		{B7CAE5F4-A23F-4438-B5BE-41226618B695}.Debug|Any CPU.Build.0 = Debug|Any CPU
		{B7CAE5F4-A23F-4438-B5BE-41226618B695}.Release|Any CPU.ActiveCfg = Release|Any CPU
		{B7CAE5F4-A23F-4438-B5BE-41226618B695}.Release|Any CPU.Build.0 = Release|Any CPU
		{B7CAE5F4-A23F-4438-B5BE-41226618B695}.Release-Signed|Any CPU.ActiveCfg = Release-Signed|Any CPU
		{B7CAE5F4-A23F-4438-B5BE-41226618B695}.Release-Signed|Any CPU.Build.0 = Release-Signed|Any CPU
	EndGlobalSection
	GlobalSection(SolutionProperties) = preSolution
		HideSolutionNode = FALSE
	EndGlobalSection
EndGlobal
